
Microsoft Visual Studio Solution File, Format Version 12.00
# Visual Studio 15
VisualStudioVersion = 15.0.27130.2010
MinimumVisualStudioVersion = 10.0.40219.1
Project("{8BC9CEB8-8B4A-11D0-8D11-00A0C91BC942}") = "Pie v1.0", "Pie v1.0\Pie v1.0.vcxproj", "{146E99FB-1E57-48BB-A1A1-BA5AAB57E5DC}"
EndProject
Global
	GlobalSection(SolutionConfigurationPlatforms) = preSolution
		Debug|x64 = Debug|x64
		Debug|x86 = Debug|x86
		Release|x64 = Release|x64
		Release|x86 = Release|x86
	EndGlobalSection
	GlobalSection(ProjectConfigurationPlatforms) = postSolution
		{146E99FB-1E57-48BB-A1A1-BA5AAB57E5DC}.Debug|x64.ActiveCfg = Debug|x64
		{146E99FB-1E57-48BB-A1A1-BA5AAB57E5DC}.Debug|x64.Build.0 = Debug|x64
		{146E99FB-1E57-48BB-A1A1-BA5AAB57E5DC}.Debug|x86.ActiveCfg = Debug|Win32
		{146E99FB-1E57-48BB-A1A1-BA5AAB57E5DC}.Debug|x86.Build.0 = Debug|Win32
		{146E99FB-1E57-48BB-A1A1-BA5AAB57E5DC}.Release|x64.ActiveCfg = Release|x64
		{146E99FB-1E57-48BB-A1A1-BA5AAB57E5DC}.Release|x64.Build.0 = Release|x64
		{146E99FB-1E57-48BB-A1A1-BA5AAB57E5DC}.Release|x86.ActiveCfg = Release|Win32
		{146E99FB-1E57-48BB-A1A1-BA5AAB57E5DC}.Release|x86.Build.0 = Release|Win32
	EndGlobalSection
	GlobalSection(SolutionProperties) = preSolution
		HideSolutionNode = FALSE
	EndGlobalSection
	GlobalSection(ExtensibilityGlobals) = postSolution
		SolutionGuid = {5F8867D6-A14C-48A6-A0BE-7BA9C9E0BEB7}
	EndGlobalSection
EndGlobal
